
Microsoft Visual Studio Solution File, Format Version 12.00
# Visual Studio for Mac
Project("{FAE04EC0-301F-11D3-BF4B-00C04F79EFBC}") = "Assembly-CSharp", "Assembly-CSharp.csproj", "{728E23AB-814A-D76D-34D6-A26A88199CDC}"
EndProject
Project("{FAE04EC0-301F-11D3-BF4B-00C04F79EFBC}") = "Assembly-CSharp-Editor", "Assembly-CSharp-Editor.csproj", "{4A3B8DD7-2738-1B65-23CF-D83C1AB60BB6}"
EndProject
Global
	GlobalSection(SolutionConfigurationPlatforms) = preSolution
		Debug|Any CPU = Debug|Any CPU
		Release|Any CPU = Release|Any CPU
	EndGlobalSection
	GlobalSection(ProjectConfigurationPlatforms) = postSolution
		{728E23AB-814A-D76D-34D6-A26A88199CDC}.Debug|Any CPU.ActiveCfg = Debug|Any CPU
		{728E23AB-814A-D76D-34D6-A26A88199CDC}.Debug|Any CPU.Build.0 = Debug|Any CPU
		{728E23AB-814A-D76D-34D6-A26A88199CDC}.Release|Any CPU.ActiveCfg = Release|Any CPU
		{728E23AB-814A-D76D-34D6-A26A88199CDC}.Release|Any CPU.Build.0 = Release|Any CPU
		{4A3B8DD7-2738-1B65-23CF-D83C1AB60BB6}.Debug|Any CPU.ActiveCfg = Debug|Any CPU
		{4A3B8DD7-2738-1B65-23CF-D83C1AB60BB6}.Debug|Any CPU.Build.0 = Debug|Any CPU
		{4A3B8DD7-2738-1B65-23CF-D83C1AB60BB6}.Release|Any CPU.ActiveCfg = Release|Any CPU
		{4A3B8DD7-2738-1B65-23CF-D83C1AB60BB6}.Release|Any CPU.Build.0 = Release|Any CPU
	EndGlobalSection
	GlobalSection(SolutionProperties) = preSolution
		HideSolutionNode = FALSE
	EndGlobalSection
EndGlobal
